
Microsoft Visual Studio Solution File, Format Version 12.00
# Visual Studio Version 16
VisualStudioVersion = 16.0.32901.82
MinimumVisualStudioVersion = 10.0.40219.1
Project("{FAE04EC0-301F-11D3-BF4B-00C04F79EFBC}") = "Assignment6.1", "Assignment6.1\Assignment6.1.csproj", "{D1593993-285F-42F2-9760-48C20B190F54}"
EndProject
Global
	GlobalSection(SolutionConfigurationPlatforms) = preSolution
		Debug|Any CPU = Debug|Any CPU
		Release|Any CPU = Release|Any CPU
	EndGlobalSection
	GlobalSection(ProjectConfigurationPlatforms) = postSolution
		{D1593993-285F-42F2-9760-48C20B190F54}.Debug|Any CPU.ActiveCfg = Debug|Any CPU
		{D1593993-285F-42F2-9760-48C20B190F54}.Debug|Any CPU.Build.0 = Debug|Any CPU
		{D1593993-285F-42F2-9760-48C20B190F54}.Release|Any CPU.ActiveCfg = Release|Any CPU
		{D1593993-285F-42F2-9760-48C20B190F54}.Release|Any CPU.Build.0 = Release|Any CPU
	EndGlobalSection
	GlobalSection(SolutionProperties) = preSolution
		HideSolutionNode = FALSE
	EndGlobalSection
	GlobalSection(ExtensibilityGlobals) = postSolution
		SolutionGuid = {C466BB7D-435E-4DEF-B917-CD8A29758BF1}
	EndGlobalSection
EndGlobal
