
Microsoft Visual Studio Solution File, Format Version 12.00
# Visual Studio Version 16
VisualStudioVersion = 16.0.32901.82
MinimumVisualStudioVersion = 10.0.40219.1
Project("{FAE04EC0-301F-11D3-BF4B-00C04F79EFBC}") = "a3", "a3\a3.csproj", "{730C132C-E225-4A7D-BCA6-C1B9387786BE}"
EndProject
Global
	GlobalSection(SolutionConfigurationPlatforms) = preSolution
		Debug|Any CPU = Debug|Any CPU
		Release|Any CPU = Release|Any CPU
	EndGlobalSection
	GlobalSection(ProjectConfigurationPlatforms) = postSolution
		{730C132C-E225-4A7D-BCA6-C1B9387786BE}.Debug|Any CPU.ActiveCfg = Debug|Any CPU
		{730C132C-E225-4A7D-BCA6-C1B9387786BE}.Debug|Any CPU.Build.0 = Debug|Any CPU
		{730C132C-E225-4A7D-BCA6-C1B9387786BE}.Release|Any CPU.ActiveCfg = Release|Any CPU
		{730C132C-E225-4A7D-BCA6-C1B9387786BE}.Release|Any CPU.Build.0 = Release|Any CPU
	EndGlobalSection
	GlobalSection(SolutionProperties) = preSolution
		HideSolutionNode = FALSE
	EndGlobalSection
	GlobalSection(ExtensibilityGlobals) = postSolution
		SolutionGuid = {DB8DC568-F4EF-4ED3-A556-4019B1E1CCB2}
	EndGlobalSection
EndGlobal
