
Microsoft Visual Studio Solution File, Format Version 12.00
# Visual Studio Version 16
VisualStudioVersion = 16.0.32901.82
MinimumVisualStudioVersion = 10.0.40219.1
Project("{FAE04EC0-301F-11D3-BF4B-00C04F79EFBC}") = "program1", "program1\program1.csproj", "{87D9B81E-6C88-445D-8BA2-EC264F023A22}"
EndProject
Global
	GlobalSection(SolutionConfigurationPlatforms) = preSolution
		Debug|Any CPU = Debug|Any CPU
		Release|Any CPU = Release|Any CPU
	EndGlobalSection
	GlobalSection(ProjectConfigurationPlatforms) = postSolution
		{87D9B81E-6C88-445D-8BA2-EC264F023A22}.Debug|Any CPU.ActiveCfg = Debug|Any CPU
		{87D9B81E-6C88-445D-8BA2-EC264F023A22}.Debug|Any CPU.Build.0 = Debug|Any CPU
		{87D9B81E-6C88-445D-8BA2-EC264F023A22}.Release|Any CPU.ActiveCfg = Release|Any CPU
		{87D9B81E-6C88-445D-8BA2-EC264F023A22}.Release|Any CPU.Build.0 = Release|Any CPU
	EndGlobalSection
	GlobalSection(SolutionProperties) = preSolution
		HideSolutionNode = FALSE
	EndGlobalSection
	GlobalSection(ExtensibilityGlobals) = postSolution
		SolutionGuid = {D427BB2E-D841-4105-B52A-4A6AC81E1A0C}
	EndGlobalSection
EndGlobal
